// !$*UTF8*$!
{
	archiveVersion = 1;
	classes = {
	};
	objectVersion = 46;
	objects = {

/* Begin PBXBuildFile section */
		4EDD7189C73F488685AC434E /* AlphaRossModel+Persistence.swift in Sources */ = {isa = PBXBuildFile; fileRef = D9809D97103069F0C070CE92 /* AlphaRossModel+Persistence.swift */; };
		45245CFDFB8C93341A0FD6E6 /* AlphaRossModel+Cases.swift in Sources */ = {isa = PBXBuildFile; fileRef = 8D2616320DB3777B6FD56F98 /* AlphaRossModel+Cases.swift */; };
		9FA0D4D5DCC3EC9A6D0EF8FD /* AlphaRossModel+Tasks.swift in Sources */ = {isa = PBXBuildFile; fileRef = 603C97CAC42A986BAED9F76A /* AlphaRossModel+Tasks.swift */; };
		995E8390EFE576ADF57D6246 /* AlphaRossModel+Documents.swift in Sources */ = {isa = PBXBuildFile; fileRef = BFE4DDD6B3A1640D6B82DFDE /* AlphaRossModel+Documents.swift */; };
		4B28345FD8749123BE2A4C00 /* AlphaRossModel+Ask.swift in Sources */ = {isa = PBXBuildFile; fileRef = 78CFA00F7A178BB5BA876FD0 /* AlphaRossModel+Ask.swift */; };
		5A0C1E1CA29273D15A0A9006 /* AlphaRossModel+PublicLaw.swift in Sources */ = {isa = PBXBuildFile; fileRef = EED3B0444E9AA1B7907DE151 /* AlphaRossModel+PublicLaw.swift */; };
		8F0729840EB1F8B057CD8663 /* AlphaRossModel+Exports.swift in Sources */ = {isa = PBXBuildFile; fileRef = 39268901D8E50BC4FE3FEAA0 /* AlphaRossModel+Exports.swift */; };
		2F2738401417D3E3C600DF81 /* AlphaRossModel+PrivateAI.swift in Sources */ = {isa = PBXBuildFile; fileRef = EA11E396A69D5571D36ACBAE /* AlphaRossModel+PrivateAI.swift */; };
		0ECCBB7AFD2564D438417E4C /* PrivacyLedgerModels.swift in Sources */ = {isa = PBXBuildFile; fileRef = 9791BC5E68F179CB5B4CF7F2 /* PrivacyLedgerModels.swift */; };
		0EDB9F7CC43DFFD0087DF346 /* AppColors.swift in Sources */ = {isa = PBXBuildFile; fileRef = 33E32AA2139827A918D6F370 /* AppColors.swift */; };
		240379AAA597D8305ADB7E74 /* CapabilityTier.swift in Sources */ = {isa = PBXBuildFile; fileRef = 9B1B86C4EA73F7EFEB2A2957 /* CapabilityTier.swift */; };
		28559E6CD047907D7EC5BCE7 /* LocalRuntimeService.swift in Sources */ = {isa = PBXBuildFile; fileRef = B44F9771029315078F6814ED /* LocalRuntimeService.swift */; };
		3A0D92B1EBC4BCEF456D7CBA /* AIInteractionModels.swift in Sources */ = {isa = PBXBuildFile; fileRef = 96933B6A6262C9829C993B58 /* AIInteractionModels.swift */; };
		5411194E81EF04A19C89CC5E /* RossChrome.swift in Sources */ = {isa = PBXBuildFile; fileRef = A36625048660A9BEF1C77916 /* RossChrome.swift */; };
		5EB6D4908BD6084EA7D6504F /* PrivacyLedgerService.swift in Sources */ = {isa = PBXBuildFile; fileRef = 1E8BFA313EEFE8B4B54875F9 /* PrivacyLedgerService.swift */; };
		63068AD85A3C874FBA2F1345 /* AlphaRootNavigation.swift in Sources */ = {isa = PBXBuildFile; fileRef = 45966E3C3DDFFF66C005FCF2 /* AlphaRootNavigation.swift */; };
		50D19919F6D5FA75C7EEEA93 /* AlphaOnboardingViews.swift in Sources */ = {isa = PBXBuildFile; fileRef = AA30A9973616B2AD314EE06C /* AlphaOnboardingViews.swift */; };
		F585E414B3D2CF87F5E2BAD6 /* AlphaTopRail.swift in Sources */ = {isa = PBXBuildFile; fileRef = 196703DCA7B85696BEDB6559 /* AlphaTopRail.swift */; };
		7920B4B71A1ECA34D41799B1 /* AlphaAskDock.swift in Sources */ = {isa = PBXBuildFile; fileRef = 06904396E0CCA81C73FA5493 /* AlphaAskDock.swift */; };
		E4977679360C6560C5579C69 /* AlphaFeedScreen.swift in Sources */ = {isa = PBXBuildFile; fileRef = 883B13980E5007785CA4FC9E /* AlphaFeedScreen.swift */; };
		23F98036545C8177DED94BB2 /* AlphaMatterComponents.swift in Sources */ = {isa = PBXBuildFile; fileRef = 81AF01447E021B2938571339 /* AlphaMatterComponents.swift */; };
		550F4D2A71DF1E6C6CBD2F2B /* AlphaCreateCaseScreen.swift in Sources */ = {isa = PBXBuildFile; fileRef = C19E627B68E4510B922ED51E /* AlphaCreateCaseScreen.swift */; };
		7BECFCE7A37C5B6B878B0CBC /* AlphaCaseWorkspaceSupport.swift in Sources */ = {isa = PBXBuildFile; fileRef = E953D96708CB02864B7ADEF7 /* AlphaCaseWorkspaceSupport.swift */; };
		B848653B9380EA23842E784A /* AlphaAskConversationScreen.swift in Sources */ = {isa = PBXBuildFile; fileRef = 03322AF5E367E4E6A7817E2F /* AlphaAskConversationScreen.swift */; };
		30F8307F480F755204C828BF /* AlphaCaseWorkspaceScreen.swift in Sources */ = {isa = PBXBuildFile; fileRef = DB891701B2882A98948FE119 /* AlphaCaseWorkspaceScreen.swift */; };
		8D087E557DDA0DAA81F8B7A4 /* AlphaDocumentViewerScreen.swift in Sources */ = {isa = PBXBuildFile; fileRef = 57B2AC41BA37698D79AED251 /* AlphaDocumentViewerScreen.swift */; };
		1409F115184590B0CE6B5DC1 /* AlphaExportsLedger.swift in Sources */ = {isa = PBXBuildFile; fileRef = 29945237E9D4FABF1F87333E /* AlphaExportsLedger.swift */; };
		93A4C96BB6E286729B9A33F9 /* AlphaSettingsScreen.swift in Sources */ = {isa = PBXBuildFile; fileRef = 5C7C4008A64A00ADDDF59394 /* AlphaSettingsScreen.swift */; };
		9254FBF0D12C332E947D9B5C /* AlphaPrivateAIViews.swift in Sources */ = {isa = PBXBuildFile; fileRef = 5993A6ABEC3B3ACA05CDEFD6 /* AlphaPrivateAIViews.swift */; };
		5F8B84862A04E1C0A3B74DDC /* AlphaDocumentPreviews.swift in Sources */ = {isa = PBXBuildFile; fileRef = 9E2E70AB92D1E9D4CD052E3B /* AlphaDocumentPreviews.swift */; };
		762FC2EFCA6F7FAD2AE84BED /* AlphaRossModel.swift in Sources */ = {isa = PBXBuildFile; fileRef = A64616242F098492C6821152 /* AlphaRossModel.swift */; };
		79665FD65AED0703B4E6CE18 /* PublicLawSearchService.swift in Sources */ = {isa = PBXBuildFile; fileRef = B78B6D618FCC9AB6389E9840 /* PublicLawSearchService.swift */; };
		8ADED04F785C7104364942AB /* AlphaStore.swift in Sources */ = {isa = PBXBuildFile; fileRef = 6263477CDD4DB63E41096E91 /* AlphaStore.swift */; };
		9574008E6F558766CA89AADC /* ModelDownloadService.swift in Sources */ = {isa = PBXBuildFile; fileRef = 9500C3C48AB19DA431C6DB9E /* ModelDownloadService.swift */; };
		A1B2C3D4E5F60718293A4B50 /* AlphaExtractionPipelinePlan.swift in Sources */ = {isa = PBXBuildFile; fileRef = A1B2C3D4E5F60718293A4B60 /* AlphaExtractionPipelinePlan.swift */; };
		A1B2C3D4E5F60718293A4B51 /* AlphaLocalModelRuntime.swift in Sources */ = {isa = PBXBuildFile; fileRef = A1B2C3D4E5F60718293A4B61 /* AlphaLocalModelRuntime.swift */; };
		A1B2C3D4E5F60718293A4B52 /* AlphaModelInvocationStore.swift in Sources */ = {isa = PBXBuildFile; fileRef = A1B2C3D4E5F60718293A4B62 /* AlphaModelInvocationStore.swift */; };
		A1B2C3D4E5F60718293A4B53 /* AlphaModelOutputValidator.swift in Sources */ = {isa = PBXBuildFile; fileRef = A1B2C3D4E5F60718293A4B63 /* AlphaModelOutputValidator.swift */; };
		AA0DB8A5AC9BCEE123B57793 /* AppDesignSystem.swift in Sources */ = {isa = PBXBuildFile; fileRef = 87D0913ED9B148CC8BE59F4A /* AppDesignSystem.swift */; };
		AD17F6CACC0518174C6E81FC /* SettingsStore.swift in Sources */ = {isa = PBXBuildFile; fileRef = 4528894965524281324A1463 /* SettingsStore.swift */; };
		AFD74FC92C786DC292EAB85C /* SettingsModels.swift in Sources */ = {isa = PBXBuildFile; fileRef = A90D3BC98733B6000CDDD236 /* SettingsModels.swift */; };
		BB144B21D65F62290733E7B4 /* DeviceCapability.swift in Sources */ = {isa = PBXBuildFile; fileRef = B079B9809A778D83A52CDD22 /* DeviceCapability.swift */; };
		BBCA838D7254A844119D400C /* CaseModels.swift in Sources */ = {isa = PBXBuildFile; fileRef = 734B164CAB7FDE236793522F /* CaseModels.swift */; };
		C30FD444D05D2776411C759B /* ScreenshotExporter.swift in Sources */ = {isa = PBXBuildFile; fileRef = B91DF8B765C4CFD91368F7CB /* ScreenshotExporter.swift */; };
		C704A78AF33415BCC6CF20E6 /* ModelCatalogService.swift in Sources */ = {isa = PBXBuildFile; fileRef = EA11EC2983D1813DE6D0B242 /* ModelCatalogService.swift */; };
		CCEFEC94E7BC87A862C8F913 /* AlphaDataModels.swift in Sources */ = {isa = PBXBuildFile; fileRef = 7BDF2721944CAB65DC4F629C /* AlphaDataModels.swift */; };
		CF913D4FB64C57942D3BA1BA /* CaseRepository.swift in Sources */ = {isa = PBXBuildFile; fileRef = E74DB047A5F457623AD25580 /* CaseRepository.swift */; };
		AABBCCDD0011223344556677 /* LlamaSwift in Frameworks */ = {isa = PBXBuildFile; productRef = AABBCCDD0011223344556678 /* LlamaSwift */; };
		BB11CC22DD33000000000001 /* AlphaMLXLocalProvider.swift in Sources */ = {isa = PBXBuildFile; fileRef = BB11CC22DD33000000000011 /* AlphaMLXLocalProvider.swift */; };
		BB11CC22DD33000000000002 /* MLXLLM in Frameworks */ = {isa = PBXBuildFile; productRef = BB11CC22DD33000000000012 /* MLXLLM */; };
		BB11CC22DD33000000000003 /* MLXLMCommon in Frameworks */ = {isa = PBXBuildFile; productRef = BB11CC22DD33000000000013 /* MLXLMCommon */; };
		BB11CC22DD33000000000005 /* HuggingFace in Frameworks */ = {isa = PBXBuildFile; productRef = BB11CC22DD33000000000015 /* HuggingFace */; };
		BB11CC22DD33000000000006 /* Tokenizers in Frameworks */ = {isa = PBXBuildFile; productRef = BB11CC22DD33000000000016 /* Tokenizers */; };
		CC44DD55EE66000000000001 /* ZIPFoundation in Frameworks */ = {isa = PBXBuildFile; productRef = CC44DD55EE66000000000011 /* ZIPFoundation */; };
		AA00BB11CC22DD3300000001 /* AlphaLlamaCppEngine.swift in Sources */ = {isa = PBXBuildFile; fileRef = AA00BB11CC22DD3300000011 /* AlphaLlamaCppEngine.swift */; };
		AA00BB11CC22DD3300000002 /* AlphaLlamaCppProvider.swift in Sources */ = {isa = PBXBuildFile; fileRef = AA00BB11CC22DD3300000012 /* AlphaLlamaCppProvider.swift */; };
			D59528BC93111C2F548C1C55 /* DeviceCapabilityService.swift in Sources */ = {isa = PBXBuildFile; fileRef = CF026A2C0B93DFBD17AEFF9A /* DeviceCapabilityService.swift */; };
			F1A1B2C3D4E5F60718293A40 /* Assets.xcassets in Resources */ = {isa = PBXBuildFile; fileRef = F1A1B2C3D4E5F60718293A41 /* Assets.xcassets */; };
			FC118081573E2805C554D5A8 /* RossApp.swift in Sources */ = {isa = PBXBuildFile; fileRef = 04E71658210E395C620C6267 /* RossApp.swift */; };
/* End PBXBuildFile section */

/* Begin PBXFileReference section */
		D9809D97103069F0C070CE92 /* AlphaRossModel+Persistence.swift */ = {isa = PBXFileReference; includeInIndex = 1; lastKnownFileType = sourcecode.swift; path = "AlphaRossModel+Persistence.swift"; sourceTree = "<group>"; };
		8D2616320DB3777B6FD56F98 /* AlphaRossModel+Cases.swift */ = {isa = PBXFileReference; includeInIndex = 1; lastKnownFileType = sourcecode.swift; path = "AlphaRossModel+Cases.swift"; sourceTree = "<group>"; };
		603C97CAC42A986BAED9F76A /* AlphaRossModel+Tasks.swift */ = {isa = PBXFileReference; includeInIndex = 1; lastKnownFileType = sourcecode.swift; path = "AlphaRossModel+Tasks.swift"; sourceTree = "<group>"; };
		BFE4DDD6B3A1640D6B82DFDE /* AlphaRossModel+Documents.swift */ = {isa = PBXFileReference; includeInIndex = 1; lastKnownFileType = sourcecode.swift; path = "AlphaRossModel+Documents.swift"; sourceTree = "<group>"; };
		78CFA00F7A178BB5BA876FD0 /* AlphaRossModel+Ask.swift */ = {isa = PBXFileReference; includeInIndex = 1; lastKnownFileType = sourcecode.swift; path = "AlphaRossModel+Ask.swift"; sourceTree = "<group>"; };
		EED3B0444E9AA1B7907DE151 /* AlphaRossModel+PublicLaw.swift */ = {isa = PBXFileReference; includeInIndex = 1; lastKnownFileType = sourcecode.swift; path = "AlphaRossModel+PublicLaw.swift"; sourceTree = "<group>"; };
		39268901D8E50BC4FE3FEAA0 /* AlphaRossModel+Exports.swift */ = {isa = PBXFileReference; includeInIndex = 1; lastKnownFileType = sourcecode.swift; path = "AlphaRossModel+Exports.swift"; sourceTree = "<group>"; };
		EA11E396A69D5571D36ACBAE /* AlphaRossModel+PrivateAI.swift */ = {isa = PBXFileReference; includeInIndex = 1; lastKnownFileType = sourcecode.swift; path = "AlphaRossModel+PrivateAI.swift"; sourceTree = "<group>"; };
		04E71658210E395C620C6267 /* RossApp.swift */ = {isa = PBXFileReference; includeInIndex = 1; lastKnownFileType = sourcecode.swift; path = RossApp.swift; sourceTree = "<group>"; };
		1E8BFA313EEFE8B4B54875F9 /* PrivacyLedgerService.swift */ = {isa = PBXFileReference; includeInIndex = 1; lastKnownFileType = sourcecode.swift; path = PrivacyLedgerService.swift; sourceTree = "<group>"; };
		33E32AA2139827A918D6F370 /* AppColors.swift */ = {isa = PBXFileReference; includeInIndex = 1; lastKnownFileType = sourcecode.swift; path = AppColors.swift; sourceTree = "<group>"; };
		4528894965524281324A1463 /* SettingsStore.swift */ = {isa = PBXFileReference; includeInIndex = 1; lastKnownFileType = sourcecode.swift; path = SettingsStore.swift; sourceTree = "<group>"; };
		6263477CDD4DB63E41096E91 /* AlphaStore.swift */ = {isa = PBXFileReference; includeInIndex = 1; lastKnownFileType = sourcecode.swift; path = AlphaStore.swift; sourceTree = "<group>"; };
		64DE66B33156149EA2DB94E5 /* Ross.app */ = {isa = PBXFileReference; explicitFileType = wrapper.application; includeInIndex = 0; path = Ross.app; sourceTree = BUILT_PRODUCTS_DIR; };
		734B164CAB7FDE236793522F /* CaseModels.swift */ = {isa = PBXFileReference; includeInIndex = 1; lastKnownFileType = sourcecode.swift; path = CaseModels.swift; sourceTree = "<group>"; };
		7BDF2721944CAB65DC4F629C /* AlphaDataModels.swift */ = {isa = PBXFileReference; includeInIndex = 1; lastKnownFileType = sourcecode.swift; path = AlphaDataModels.swift; sourceTree = "<group>"; };
		87D0913ED9B148CC8BE59F4A /* AppDesignSystem.swift */ = {isa = PBXFileReference; includeInIndex = 1; lastKnownFileType = sourcecode.swift; path = AppDesignSystem.swift; sourceTree = "<group>"; };
		9500C3C48AB19DA431C6DB9E /* ModelDownloadService.swift */ = {isa = PBXFileReference; includeInIndex = 1; lastKnownFileType = sourcecode.swift; path = ModelDownloadService.swift; sourceTree = "<group>"; };
		96933B6A6262C9829C993B58 /* AIInteractionModels.swift */ = {isa = PBXFileReference; includeInIndex = 1; lastKnownFileType = sourcecode.swift; path = AIInteractionModels.swift; sourceTree = "<group>"; };
		9791BC5E68F179CB5B4CF7F2 /* PrivacyLedgerModels.swift */ = {isa = PBXFileReference; includeInIndex = 1; lastKnownFileType = sourcecode.swift; path = PrivacyLedgerModels.swift; sourceTree = "<group>"; };
		9B1B86C4EA73F7EFEB2A2957 /* CapabilityTier.swift */ = {isa = PBXFileReference; includeInIndex = 1; lastKnownFileType = sourcecode.swift; path = CapabilityTier.swift; sourceTree = "<group>"; };
		A1B2C3D4E5F60718293A4B60 /* AlphaExtractionPipelinePlan.swift */ = {isa = PBXFileReference; includeInIndex = 1; lastKnownFileType = sourcecode.swift; path = AlphaExtractionPipelinePlan.swift; sourceTree = "<group>"; };
		A1B2C3D4E5F60718293A4B61 /* AlphaLocalModelRuntime.swift */ = {isa = PBXFileReference; includeInIndex = 1; lastKnownFileType = sourcecode.swift; path = AlphaLocalModelRuntime.swift; sourceTree = "<group>"; };
		A1B2C3D4E5F60718293A4B62 /* AlphaModelInvocationStore.swift */ = {isa = PBXFileReference; includeInIndex = 1; lastKnownFileType = sourcecode.swift; path = AlphaModelInvocationStore.swift; sourceTree = "<group>"; };
		A1B2C3D4E5F60718293A4B63 /* AlphaModelOutputValidator.swift */ = {isa = PBXFileReference; includeInIndex = 1; lastKnownFileType = sourcecode.swift; path = AlphaModelOutputValidator.swift; sourceTree = "<group>"; };
		A36625048660A9BEF1C77916 /* RossChrome.swift */ = {isa = PBXFileReference; includeInIndex = 1; lastKnownFileType = sourcecode.swift; path = RossChrome.swift; sourceTree = "<group>"; };
		45966E3C3DDFFF66C005FCF2 /* AlphaRootNavigation.swift */ = {isa = PBXFileReference; includeInIndex = 1; lastKnownFileType = sourcecode.swift; path = AlphaRootNavigation.swift; sourceTree = "<group>"; };
		AA30A9973616B2AD314EE06C /* AlphaOnboardingViews.swift */ = {isa = PBXFileReference; includeInIndex = 1; lastKnownFileType = sourcecode.swift; path = AlphaOnboardingViews.swift; sourceTree = "<group>"; };
		196703DCA7B85696BEDB6559 /* AlphaTopRail.swift */ = {isa = PBXFileReference; includeInIndex = 1; lastKnownFileType = sourcecode.swift; path = AlphaTopRail.swift; sourceTree = "<group>"; };
		06904396E0CCA81C73FA5493 /* AlphaAskDock.swift */ = {isa = PBXFileReference; includeInIndex = 1; lastKnownFileType = sourcecode.swift; path = AlphaAskDock.swift; sourceTree = "<group>"; };
		883B13980E5007785CA4FC9E /* AlphaFeedScreen.swift */ = {isa = PBXFileReference; includeInIndex = 1; lastKnownFileType = sourcecode.swift; path = AlphaFeedScreen.swift; sourceTree = "<group>"; };
		81AF01447E021B2938571339 /* AlphaMatterComponents.swift */ = {isa = PBXFileReference; includeInIndex = 1; lastKnownFileType = sourcecode.swift; path = AlphaMatterComponents.swift; sourceTree = "<group>"; };
		C19E627B68E4510B922ED51E /* AlphaCreateCaseScreen.swift */ = {isa = PBXFileReference; includeInIndex = 1; lastKnownFileType = sourcecode.swift; path = AlphaCreateCaseScreen.swift; sourceTree = "<group>"; };
		E953D96708CB02864B7ADEF7 /* AlphaCaseWorkspaceSupport.swift */ = {isa = PBXFileReference; includeInIndex = 1; lastKnownFileType = sourcecode.swift; path = AlphaCaseWorkspaceSupport.swift; sourceTree = "<group>"; };
		03322AF5E367E4E6A7817E2F /* AlphaAskConversationScreen.swift */ = {isa = PBXFileReference; includeInIndex = 1; lastKnownFileType = sourcecode.swift; path = AlphaAskConversationScreen.swift; sourceTree = "<group>"; };
		DB891701B2882A98948FE119 /* AlphaCaseWorkspaceScreen.swift */ = {isa = PBXFileReference; includeInIndex = 1; lastKnownFileType = sourcecode.swift; path = AlphaCaseWorkspaceScreen.swift; sourceTree = "<group>"; };
		57B2AC41BA37698D79AED251 /* AlphaDocumentViewerScreen.swift */ = {isa = PBXFileReference; includeInIndex = 1; lastKnownFileType = sourcecode.swift; path = AlphaDocumentViewerScreen.swift; sourceTree = "<group>"; };
		29945237E9D4FABF1F87333E /* AlphaExportsLedger.swift */ = {isa = PBXFileReference; includeInIndex = 1; lastKnownFileType = sourcecode.swift; path = AlphaExportsLedger.swift; sourceTree = "<group>"; };
		5C7C4008A64A00ADDDF59394 /* AlphaSettingsScreen.swift */ = {isa = PBXFileReference; includeInIndex = 1; lastKnownFileType = sourcecode.swift; path = AlphaSettingsScreen.swift; sourceTree = "<group>"; };
		5993A6ABEC3B3ACA05CDEFD6 /* AlphaPrivateAIViews.swift */ = {isa = PBXFileReference; includeInIndex = 1; lastKnownFileType = sourcecode.swift; path = AlphaPrivateAIViews.swift; sourceTree = "<group>"; };
		9E2E70AB92D1E9D4CD052E3B /* AlphaDocumentPreviews.swift */ = {isa = PBXFileReference; includeInIndex = 1; lastKnownFileType = sourcecode.swift; path = AlphaDocumentPreviews.swift; sourceTree = "<group>"; };
		A64616242F098492C6821152 /* AlphaRossModel.swift */ = {isa = PBXFileReference; includeInIndex = 1; lastKnownFileType = sourcecode.swift; path = AlphaRossModel.swift; sourceTree = "<group>"; };
		BB11CC22DD33000000000011 /* AlphaMLXLocalProvider.swift */ = {isa = PBXFileReference; includeInIndex = 1; lastKnownFileType = sourcecode.swift; path = AlphaMLXLocalProvider.swift; sourceTree = "<group>"; };
		A90D3BC98733B6000CDDD236 /* SettingsModels.swift */ = {isa = PBXFileReference; includeInIndex = 1; lastKnownFileType = sourcecode.swift; path = SettingsModels.swift; sourceTree = "<group>"; };
		B079B9809A778D83A52CDD22 /* DeviceCapability.swift */ = {isa = PBXFileReference; includeInIndex = 1; lastKnownFileType = sourcecode.swift; path = DeviceCapability.swift; sourceTree = "<group>"; };
		B44F9771029315078F6814ED /* LocalRuntimeService.swift */ = {isa = PBXFileReference; includeInIndex = 1; lastKnownFileType = sourcecode.swift; path = LocalRuntimeService.swift; sourceTree = "<group>"; };
		B78B6D618FCC9AB6389E9840 /* PublicLawSearchService.swift */ = {isa = PBXFileReference; includeInIndex = 1; lastKnownFileType = sourcecode.swift; path = PublicLawSearchService.swift; sourceTree = "<group>"; };
		B91DF8B765C4CFD91368F7CB /* ScreenshotExporter.swift */ = {isa = PBXFileReference; includeInIndex = 1; lastKnownFileType = sourcecode.swift; path = ScreenshotExporter.swift; sourceTree = "<group>"; };
			CF026A2C0B93DFBD17AEFF9A /* DeviceCapabilityService.swift */ = {isa = PBXFileReference; includeInIndex = 1; lastKnownFileType = sourcecode.swift; path = DeviceCapabilityService.swift; sourceTree = "<group>"; };
			E74DB047A5F457623AD25580 /* CaseRepository.swift */ = {isa = PBXFileReference; includeInIndex = 1; lastKnownFileType = sourcecode.swift; path = CaseRepository.swift; sourceTree = "<group>"; };
			EA11EC2983D1813DE6D0B242 /* ModelCatalogService.swift */ = {isa = PBXFileReference; includeInIndex = 1; lastKnownFileType = sourcecode.swift; path = ModelCatalogService.swift; sourceTree = "<group>"; };
			F1A1B2C3D4E5F60718293A41 /* Assets.xcassets */ = {isa = PBXFileReference; lastKnownFileType = folder.assetcatalog; path = Resources/Assets.xcassets; sourceTree = "<group>"; };
			AA00BB11CC22DD3300000011 /* AlphaLlamaCppEngine.swift */ = {isa = PBXFileReference; includeInIndex = 1; lastKnownFileType = sourcecode.swift; path = AlphaLlamaCppEngine.swift; sourceTree = "<group>"; };
			AA00BB11CC22DD3300000012 /* AlphaLlamaCppProvider.swift */ = {isa = PBXFileReference; includeInIndex = 1; lastKnownFileType = sourcecode.swift; path = AlphaLlamaCppProvider.swift; sourceTree = "<group>"; };
/* End PBXFileReference section */

/* Begin PBXFrameworksBuildPhase section */
		B4A831EE6796DC88E7B0BF1B /* Frameworks */ = {
			isa = PBXFrameworksBuildPhase;
			buildActionMask = 2147483647;
			files = (
				AABBCCDD0011223344556677 /* LlamaSwift in Frameworks */,
				BB11CC22DD33000000000002 /* MLXLLM in Frameworks */,
				BB11CC22DD33000000000003 /* MLXLMCommon in Frameworks */,
				BB11CC22DD33000000000005 /* HuggingFace in Frameworks */,
				BB11CC22DD33000000000006 /* Tokenizers in Frameworks */,
				CC44DD55EE66000000000001 /* ZIPFoundation in Frameworks */,
			);
			runOnlyForDeploymentPostprocessing = 0;
		};
/* End PBXFrameworksBuildPhase section */

/* Begin PBXGroup section */
			0643A5B8F57367B55641A9AD /* Ross */ = {
				isa = PBXGroup;
				children = (
					9B8B81CAFA52D8D752470B13 /* App */,
					B3EC5C7A40F0811C8AE85E70 /* Models */,
					45827E9368D3FC6B92F449D2 /* Services */,
					4F9C87718BA96D9B939104A1 /* AlphaFoundation */,
					F1A1B2C3D4E5F60718293A41 /* Assets.xcassets */,
				);
				path = Ross;
				sourceTree = "<group>";
			};
		06FD77852FCA4461DC46B020 = {
			isa = PBXGroup;
			children = (
				5735844495CBC90D3295DF8A /* Products */,
				8F1434972BB058919DE1A56E /* Frameworks */,
				0643A5B8F57367B55641A9AD /* Ross */,
			);
			sourceTree = "<group>";
		};
		21411E6D08C5AB212E75D7FB /* iOS */ = {
			isa = PBXGroup;
			children = (
			);
			name = iOS;
			sourceTree = "<group>";
		};
		45827E9368D3FC6B92F449D2 /* Services */ = {
			isa = PBXGroup;
			children = (
				E74DB047A5F457623AD25580 /* CaseRepository.swift */,
				CF026A2C0B93DFBD17AEFF9A /* DeviceCapabilityService.swift */,
				B44F9771029315078F6814ED /* LocalRuntimeService.swift */,
				EA11EC2983D1813DE6D0B242 /* ModelCatalogService.swift */,
				9500C3C48AB19DA431C6DB9E /* ModelDownloadService.swift */,
				1E8BFA313EEFE8B4B54875F9 /* PrivacyLedgerService.swift */,
				B78B6D618FCC9AB6389E9840 /* PublicLawSearchService.swift */,
				4528894965524281324A1463 /* SettingsStore.swift */,
			);
			path = Services;
			sourceTree = "<group>";
		};
		4F9C87718BA96D9B939104A1 /* AlphaFoundation */ = {
			isa = PBXGroup;
			children = (
				7BDF2721944CAB65DC4F629C /* AlphaDataModels.swift */,
				A1B2C3D4E5F60718293A4B60 /* AlphaExtractionPipelinePlan.swift */,
				A1B2C3D4E5F60718293A4B61 /* AlphaLocalModelRuntime.swift */,
				A1B2C3D4E5F60718293A4B62 /* AlphaModelInvocationStore.swift */,
				A1B2C3D4E5F60718293A4B63 /* AlphaModelOutputValidator.swift */,
				AA00BB11CC22DD3300000011 /* AlphaLlamaCppEngine.swift */,
				AA00BB11CC22DD3300000012 /* AlphaLlamaCppProvider.swift */,
				BB11CC22DD33000000000011 /* AlphaMLXLocalProvider.swift */,
				6263477CDD4DB63E41096E91 /* AlphaStore.swift */,
				45966E3C3DDFFF66C005FCF2 /* AlphaRootNavigation.swift */,
				AA30A9973616B2AD314EE06C /* AlphaOnboardingViews.swift */,
				196703DCA7B85696BEDB6559 /* AlphaTopRail.swift */,
				06904396E0CCA81C73FA5493 /* AlphaAskDock.swift */,
				883B13980E5007785CA4FC9E /* AlphaFeedScreen.swift */,
				81AF01447E021B2938571339 /* AlphaMatterComponents.swift */,
				C19E627B68E4510B922ED51E /* AlphaCreateCaseScreen.swift */,
				E953D96708CB02864B7ADEF7 /* AlphaCaseWorkspaceSupport.swift */,
				03322AF5E367E4E6A7817E2F /* AlphaAskConversationScreen.swift */,
				DB891701B2882A98948FE119 /* AlphaCaseWorkspaceScreen.swift */,
				57B2AC41BA37698D79AED251 /* AlphaDocumentViewerScreen.swift */,
				29945237E9D4FABF1F87333E /* AlphaExportsLedger.swift */,
				5C7C4008A64A00ADDDF59394 /* AlphaSettingsScreen.swift */,
				5993A6ABEC3B3ACA05CDEFD6 /* AlphaPrivateAIViews.swift */,
				9E2E70AB92D1E9D4CD052E3B /* AlphaDocumentPreviews.swift */,
				A64616242F098492C6821152 /* AlphaRossModel.swift */,
				D9809D97103069F0C070CE92 /* AlphaRossModel+Persistence.swift */,
				8D2616320DB3777B6FD56F98 /* AlphaRossModel+Cases.swift */,
				603C97CAC42A986BAED9F76A /* AlphaRossModel+Tasks.swift */,
				BFE4DDD6B3A1640D6B82DFDE /* AlphaRossModel+Documents.swift */,
				78CFA00F7A178BB5BA876FD0 /* AlphaRossModel+Ask.swift */,
				EED3B0444E9AA1B7907DE151 /* AlphaRossModel+PublicLaw.swift */,
				39268901D8E50BC4FE3FEAA0 /* AlphaRossModel+Exports.swift */,
				EA11E396A69D5571D36ACBAE /* AlphaRossModel+PrivateAI.swift */,
			);
			path = AlphaFoundation;
			sourceTree = "<group>";
		};
		5735844495CBC90D3295DF8A /* Products */ = {
			isa = PBXGroup;
			children = (
				64DE66B33156149EA2DB94E5 /* Ross.app */,
			);
			name = Products;
			sourceTree = "<group>";
		};
		8F1434972BB058919DE1A56E /* Frameworks */ = {
			isa = PBXGroup;
			children = (
				21411E6D08C5AB212E75D7FB /* iOS */,
			);
			name = Frameworks;
			sourceTree = "<group>";
		};
		9B8B81CAFA52D8D752470B13 /* App */ = {
			isa = PBXGroup;
			children = (
				33E32AA2139827A918D6F370 /* AppColors.swift */,
				87D0913ED9B148CC8BE59F4A /* AppDesignSystem.swift */,
				04E71658210E395C620C6267 /* RossApp.swift */,
				A36625048660A9BEF1C77916 /* RossChrome.swift */,
				B91DF8B765C4CFD91368F7CB /* ScreenshotExporter.swift */,
			);
			path = App;
			sourceTree = "<group>";
		};
		B3EC5C7A40F0811C8AE85E70 /* Models */ = {
			isa = PBXGroup;
			children = (
				96933B6A6262C9829C993B58 /* AIInteractionModels.swift */,
				9B1B86C4EA73F7EFEB2A2957 /* CapabilityTier.swift */,
				734B164CAB7FDE236793522F /* CaseModels.swift */,
				B079B9809A778D83A52CDD22 /* DeviceCapability.swift */,
				9791BC5E68F179CB5B4CF7F2 /* PrivacyLedgerModels.swift */,
				A90D3BC98733B6000CDDD236 /* SettingsModels.swift */,
			);
			path = Models;
			sourceTree = "<group>";
		};
/* End PBXGroup section */

/* Begin PBXNativeTarget section */
		F8CED3779CE18F8EDEDFD086 /* Ross */ = {
			isa = PBXNativeTarget;
			buildConfigurationList = 93CD72BC7A66E49E2F6299D6 /* Build configuration list for PBXNativeTarget "Ross" */;
			buildPhases = (
				0AE82F83317020B203778556 /* Sources */,
				B4A831EE6796DC88E7B0BF1B /* Frameworks */,
				BFAEA347A4DDA39AFBBC9653 /* Resources */,
			);
			buildRules = (
			);
			dependencies = (
			);
			name = Ross;
			packageProductDependencies = (
				AABBCCDD0011223344556678 /* LlamaSwift */,
				BB11CC22DD33000000000012 /* MLXLLM */,
				BB11CC22DD33000000000013 /* MLXLMCommon */,
				BB11CC22DD33000000000015 /* HuggingFace */,
				BB11CC22DD33000000000016 /* Tokenizers */,
				CC44DD55EE66000000000011 /* ZIPFoundation */,
			);
			productName = Ross;
			productReference = 64DE66B33156149EA2DB94E5 /* Ross.app */;
			productType = "com.apple.product-type.application";
		};
/* End PBXNativeTarget section */

/* Begin PBXProject section */
		C44803352A3A9F4944B0D510 /* Project object */ = {
			isa = PBXProject;
			attributes = {
				LastSwiftUpdateCheck = 2600;
				LastUpgradeCheck = 2600;
				TargetAttributes = {
					F8CED3779CE18F8EDEDFD086 = {
						DevelopmentTeam = JP4HU7X6G7;
						ProvisioningStyle = Automatic;
					};
				};
			};
			buildConfigurationList = 70696EE77B0E1C0B43EC6FF5 /* Build configuration list for PBXProject "Ross" */;
			compatibilityVersion = "Xcode 3.2";
			developmentRegion = en;
			hasScannedForEncodings = 0;
			knownRegions = (
				en,
				Base,
			);
			mainGroup = 06FD77852FCA4461DC46B020;
			productRefGroup = 5735844495CBC90D3295DF8A /* Products */;
			projectDirPath = "";
			packageReferences = (
				AABBCCDD0011223344556679 /* XCRemoteSwiftPackageReference "llama.swift" */,
				BB11CC22DD33000000000021 /* XCRemoteSwiftPackageReference "mlx-swift-lm" */,
				BB11CC22DD33000000000022 /* XCRemoteSwiftPackageReference "swift-huggingface" */,
				BB11CC22DD33000000000023 /* XCRemoteSwiftPackageReference "swift-transformers" */,
				CC44DD55EE66000000000021 /* XCRemoteSwiftPackageReference "ZIPFoundation" */,
			);
			projectRoot = "";
			targets = (
				F8CED3779CE18F8EDEDFD086 /* Ross */,
			);
		};
/* End PBXProject section */

/* Begin PBXResourcesBuildPhase section */
			BFAEA347A4DDA39AFBBC9653 /* Resources */ = {
				isa = PBXResourcesBuildPhase;
				buildActionMask = 2147483647;
				files = (
					F1A1B2C3D4E5F60718293A40 /* Assets.xcassets in Resources */,
				);
				runOnlyForDeploymentPostprocessing = 0;
			};
/* End PBXResourcesBuildPhase section */

/* Begin PBXSourcesBuildPhase section */
		0AE82F83317020B203778556 /* Sources */ = {
			isa = PBXSourcesBuildPhase;
			buildActionMask = 2147483647;
			files = (
				0EDB9F7CC43DFFD0087DF346 /* AppColors.swift in Sources */,
				AA0DB8A5AC9BCEE123B57793 /* AppDesignSystem.swift in Sources */,
				FC118081573E2805C554D5A8 /* RossApp.swift in Sources */,
				5411194E81EF04A19C89CC5E /* RossChrome.swift in Sources */,
				C30FD444D05D2776411C759B /* ScreenshotExporter.swift in Sources */,
				3A0D92B1EBC4BCEF456D7CBA /* AIInteractionModels.swift in Sources */,
				240379AAA597D8305ADB7E74 /* CapabilityTier.swift in Sources */,
				BBCA838D7254A844119D400C /* CaseModels.swift in Sources */,
				BB144B21D65F62290733E7B4 /* DeviceCapability.swift in Sources */,
				0ECCBB7AFD2564D438417E4C /* PrivacyLedgerModels.swift in Sources */,
				AFD74FC92C786DC292EAB85C /* SettingsModels.swift in Sources */,
				CF913D4FB64C57942D3BA1BA /* CaseRepository.swift in Sources */,
				D59528BC93111C2F548C1C55 /* DeviceCapabilityService.swift in Sources */,
				28559E6CD047907D7EC5BCE7 /* LocalRuntimeService.swift in Sources */,
				C704A78AF33415BCC6CF20E6 /* ModelCatalogService.swift in Sources */,
				9574008E6F558766CA89AADC /* ModelDownloadService.swift in Sources */,
				5EB6D4908BD6084EA7D6504F /* PrivacyLedgerService.swift in Sources */,
				79665FD65AED0703B4E6CE18 /* PublicLawSearchService.swift in Sources */,
				AD17F6CACC0518174C6E81FC /* SettingsStore.swift in Sources */,
				CCEFEC94E7BC87A862C8F913 /* AlphaDataModels.swift in Sources */,
				A1B2C3D4E5F60718293A4B50 /* AlphaExtractionPipelinePlan.swift in Sources */,
				A1B2C3D4E5F60718293A4B51 /* AlphaLocalModelRuntime.swift in Sources */,
				A1B2C3D4E5F60718293A4B52 /* AlphaModelInvocationStore.swift in Sources */,
				A1B2C3D4E5F60718293A4B53 /* AlphaModelOutputValidator.swift in Sources */,
				8ADED04F785C7104364942AB /* AlphaStore.swift in Sources */,
				63068AD85A3C874FBA2F1345 /* AlphaRootNavigation.swift in Sources */,
				50D19919F6D5FA75C7EEEA93 /* AlphaOnboardingViews.swift in Sources */,
				F585E414B3D2CF87F5E2BAD6 /* AlphaTopRail.swift in Sources */,
				7920B4B71A1ECA34D41799B1 /* AlphaAskDock.swift in Sources */,
				E4977679360C6560C5579C69 /* AlphaFeedScreen.swift in Sources */,
				23F98036545C8177DED94BB2 /* AlphaMatterComponents.swift in Sources */,
				550F4D2A71DF1E6C6CBD2F2B /* AlphaCreateCaseScreen.swift in Sources */,
				7BECFCE7A37C5B6B878B0CBC /* AlphaCaseWorkspaceSupport.swift in Sources */,
				B848653B9380EA23842E784A /* AlphaAskConversationScreen.swift in Sources */,
				30F8307F480F755204C828BF /* AlphaCaseWorkspaceScreen.swift in Sources */,
				8D087E557DDA0DAA81F8B7A4 /* AlphaDocumentViewerScreen.swift in Sources */,
				1409F115184590B0CE6B5DC1 /* AlphaExportsLedger.swift in Sources */,
				93A4C96BB6E286729B9A33F9 /* AlphaSettingsScreen.swift in Sources */,
				9254FBF0D12C332E947D9B5C /* AlphaPrivateAIViews.swift in Sources */,
				5F8B84862A04E1C0A3B74DDC /* AlphaDocumentPreviews.swift in Sources */,
				762FC2EFCA6F7FAD2AE84BED /* AlphaRossModel.swift in Sources */,
				4EDD7189C73F488685AC434E /* AlphaRossModel+Persistence.swift in Sources */,
				45245CFDFB8C93341A0FD6E6 /* AlphaRossModel+Cases.swift in Sources */,
				9FA0D4D5DCC3EC9A6D0EF8FD /* AlphaRossModel+Tasks.swift in Sources */,
				995E8390EFE576ADF57D6246 /* AlphaRossModel+Documents.swift in Sources */,
				4B28345FD8749123BE2A4C00 /* AlphaRossModel+Ask.swift in Sources */,
				5A0C1E1CA29273D15A0A9006 /* AlphaRossModel+PublicLaw.swift in Sources */,
				8F0729840EB1F8B057CD8663 /* AlphaRossModel+Exports.swift in Sources */,
				2F2738401417D3E3C600DF81 /* AlphaRossModel+PrivateAI.swift in Sources */,
				AA00BB11CC22DD3300000001 /* AlphaLlamaCppEngine.swift in Sources */,
				AA00BB11CC22DD3300000002 /* AlphaLlamaCppProvider.swift in Sources */,
				BB11CC22DD33000000000001 /* AlphaMLXLocalProvider.swift in Sources */,
			);
			runOnlyForDeploymentPostprocessing = 0;
		};
/* End PBXSourcesBuildPhase section */

/* Begin XCBuildConfiguration section */
		0780D82A3C782BFC361B409E /* Debug */ = {
			isa = XCBuildConfiguration;
			buildSettings = {
				ASSETCATALOG_COMPILER_APPICON_NAME = AppIcon;
				ASSETCATALOG_COMPILER_GLOBAL_ACCENT_COLOR_NAME = AccentColor;
				CLANG_ENABLE_OBJC_WEAK = NO;
				"CODE_SIGNING_ALLOWED[sdk=iphonesimulator*]" = NO;
				CODE_SIGN_ENTITLEMENTS = Ross/Ross.entitlements;
				CODE_SIGN_STYLE = Automatic;
				CURRENT_PROJECT_VERSION = 1;
				DEVELOPMENT_TEAM = JP4HU7X6G7;
				GENERATE_INFOPLIST_FILE = NO;
				INFOPLIST_FILE = Ross/Resources/Info.plist;
				INFOPLIST_KEY_CFBundleDisplayName = Ross;
				INFOPLIST_KEY_UIApplicationSupportsIndirectInputEvents = YES;
				INFOPLIST_KEY_UILaunchScreen_Generation = YES;
				IPHONEOS_DEPLOYMENT_TARGET = 17.0;
				LD_RUNPATH_SEARCH_PATHS = "$(inherited) @executable_path/Frameworks";
				MARKETING_VERSION = 1.0;
				PRODUCT_BUNDLE_IDENTIFIER = com.ross.ios;
				PRODUCT_NAME = "$(TARGET_NAME)";
				SDKROOT = iphoneos;
				SUPPORTED_PLATFORMS = "iphoneos iphonesimulator";
				SWIFT_VERSION = 6.0;
				TARGETED_DEVICE_FAMILY = "1,2";
			};
			name = Debug;
		};
		54A0016CF5C3F2E1C13DC30E /* Release */ = {
			isa = XCBuildConfiguration;
			buildSettings = {
				ALWAYS_SEARCH_USER_PATHS = NO;
				CLANG_ANALYZER_NONNULL = YES;
				CLANG_ANALYZER_NUMBER_OBJECT_CONVERSION = YES_AGGRESSIVE;
				CLANG_CXX_LANGUAGE_STANDARD = "gnu++14";
				CLANG_CXX_LIBRARY = "libc++";
				CLANG_ENABLE_MODULES = YES;
				CLANG_ENABLE_OBJC_ARC = YES;
				CLANG_ENABLE_OBJC_WEAK = YES;
				CLANG_WARN_BLOCK_CAPTURE_AUTORELEASING = YES;
				CLANG_WARN_BOOL_CONVERSION = YES;
				CLANG_WARN_COMMA = YES;
				CLANG_WARN_CONSTANT_CONVERSION = YES;
				CLANG_WARN_DEPRECATED_OBJC_IMPLEMENTATIONS = YES;
				CLANG_WARN_DIRECT_OBJC_ISA_USAGE = YES_ERROR;
				CLANG_WARN_DOCUMENTATION_COMMENTS = YES;
				CLANG_WARN_EMPTY_BODY = YES;
				CLANG_WARN_ENUM_CONVERSION = YES;
				CLANG_WARN_INFINITE_RECURSION = YES;
				CLANG_WARN_INT_CONVERSION = YES;
				CLANG_WARN_NON_LITERAL_NULL_CONVERSION = YES;
				CLANG_WARN_OBJC_IMPLICIT_RETAIN_SELF = YES;
				CLANG_WARN_OBJC_LITERAL_CONVERSION = YES;
				CLANG_WARN_OBJC_ROOT_CLASS = YES_ERROR;
				CLANG_WARN_QUOTED_INCLUDE_IN_FRAMEWORK_HEADER = YES;
				CLANG_WARN_RANGE_LOOP_ANALYSIS = YES;
				CLANG_WARN_STRICT_PROTOTYPES = YES;
				CLANG_WARN_SUSPICIOUS_MOVE = YES;
				CLANG_WARN_UNGUARDED_AVAILABILITY = YES_AGGRESSIVE;
				CLANG_WARN_UNREACHABLE_CODE = YES;
				CLANG_WARN__DUPLICATE_METHOD_MATCH = YES;
				COPY_PHASE_STRIP = NO;
				DEBUG_INFORMATION_FORMAT = "dwarf-with-dsym";
				ENABLE_NS_ASSERTIONS = NO;
				ENABLE_STRICT_OBJC_MSGSEND = YES;
				GCC_C_LANGUAGE_STANDARD = gnu11;
				GCC_NO_COMMON_BLOCKS = YES;
				GCC_WARN_64_TO_32_BIT_CONVERSION = YES;
				GCC_WARN_ABOUT_RETURN_TYPE = YES_ERROR;
				GCC_WARN_UNDECLARED_SELECTOR = YES;
				GCC_WARN_UNINITIALIZED_AUTOS = YES_AGGRESSIVE;
				GCC_WARN_UNUSED_FUNCTION = YES;
				GCC_WARN_UNUSED_VARIABLE = YES;
				IPHONEOS_DEPLOYMENT_TARGET = 17.0;
				MTL_ENABLE_DEBUG_INFO = NO;
				MTL_FAST_MATH = YES;
				PRODUCT_NAME = "$(TARGET_NAME)";
				SWIFT_OPTIMIZATION_LEVEL = "-Owholemodule";
				SWIFT_VERSION = 6.0;
				TARGETED_DEVICE_FAMILY = "1,2";
			};
			name = Release;
		};
		CF8A5D3A1D89C6789155E65A /* Debug */ = {
			isa = XCBuildConfiguration;
			buildSettings = {
				ALWAYS_SEARCH_USER_PATHS = NO;
				CLANG_ANALYZER_NONNULL = YES;
				CLANG_ANALYZER_NUMBER_OBJECT_CONVERSION = YES_AGGRESSIVE;
				CLANG_CXX_LANGUAGE_STANDARD = "gnu++14";
				CLANG_CXX_LIBRARY = "libc++";
				CLANG_ENABLE_MODULES = YES;
				CLANG_ENABLE_OBJC_ARC = YES;
				CLANG_ENABLE_OBJC_WEAK = YES;
				CLANG_WARN_BLOCK_CAPTURE_AUTORELEASING = YES;
				CLANG_WARN_BOOL_CONVERSION = YES;
				CLANG_WARN_COMMA = YES;
				CLANG_WARN_CONSTANT_CONVERSION = YES;
				CLANG_WARN_DEPRECATED_OBJC_IMPLEMENTATIONS = YES;
				CLANG_WARN_DIRECT_OBJC_ISA_USAGE = YES_ERROR;
				CLANG_WARN_DOCUMENTATION_COMMENTS = YES;
				CLANG_WARN_EMPTY_BODY = YES;
				CLANG_WARN_ENUM_CONVERSION = YES;
				CLANG_WARN_INFINITE_RECURSION = YES;
				CLANG_WARN_INT_CONVERSION = YES;
				CLANG_WARN_NON_LITERAL_NULL_CONVERSION = YES;
				CLANG_WARN_OBJC_IMPLICIT_RETAIN_SELF = YES;
				CLANG_WARN_OBJC_LITERAL_CONVERSION = YES;
				CLANG_WARN_OBJC_ROOT_CLASS = YES_ERROR;
				CLANG_WARN_QUOTED_INCLUDE_IN_FRAMEWORK_HEADER = YES;
				CLANG_WARN_RANGE_LOOP_ANALYSIS = YES;
				CLANG_WARN_STRICT_PROTOTYPES = YES;
				CLANG_WARN_SUSPICIOUS_MOVE = YES;
				CLANG_WARN_UNGUARDED_AVAILABILITY = YES_AGGRESSIVE;
				CLANG_WARN_UNREACHABLE_CODE = YES;
				CLANG_WARN__DUPLICATE_METHOD_MATCH = YES;
				COPY_PHASE_STRIP = NO;
				DEBUG_INFORMATION_FORMAT = dwarf;
				ENABLE_STRICT_OBJC_MSGSEND = YES;
				ENABLE_TESTABILITY = YES;
				GCC_C_LANGUAGE_STANDARD = gnu11;
				GCC_DYNAMIC_NO_PIC = NO;
				GCC_NO_COMMON_BLOCKS = YES;
				GCC_OPTIMIZATION_LEVEL = 0;
				GCC_PREPROCESSOR_DEFINITIONS = (
					"DEBUG=1",
					"$(inherited)",
				);
				GCC_WARN_64_TO_32_BIT_CONVERSION = YES;
				GCC_WARN_ABOUT_RETURN_TYPE = YES_ERROR;
				GCC_WARN_UNDECLARED_SELECTOR = YES;
				GCC_WARN_UNINITIALIZED_AUTOS = YES_AGGRESSIVE;
				GCC_WARN_UNUSED_FUNCTION = YES;
				GCC_WARN_UNUSED_VARIABLE = YES;
				IPHONEOS_DEPLOYMENT_TARGET = 17.0;
				MTL_ENABLE_DEBUG_INFO = INCLUDE_SOURCE;
				MTL_FAST_MATH = YES;
				ONLY_ACTIVE_ARCH = YES;
				PRODUCT_NAME = "$(TARGET_NAME)";
				SWIFT_ACTIVE_COMPILATION_CONDITIONS = DEBUG;
				SWIFT_OPTIMIZATION_LEVEL = "-Onone";
				SWIFT_VERSION = 6.0;
				TARGETED_DEVICE_FAMILY = "1,2";
			};
			name = Debug;
		};
		E53C168AE93876E5F0002D79 /* Release */ = {
			isa = XCBuildConfiguration;
			buildSettings = {
				ASSETCATALOG_COMPILER_APPICON_NAME = AppIcon;
				ASSETCATALOG_COMPILER_GLOBAL_ACCENT_COLOR_NAME = AccentColor;
				CLANG_ENABLE_OBJC_WEAK = NO;
				"CODE_SIGNING_ALLOWED[sdk=iphonesimulator*]" = NO;
				CODE_SIGN_ENTITLEMENTS = Ross/Ross.entitlements;
				CODE_SIGN_STYLE = Automatic;
				CURRENT_PROJECT_VERSION = 1;
				DEVELOPMENT_TEAM = JP4HU7X6G7;
				GENERATE_INFOPLIST_FILE = NO;
				INFOPLIST_FILE = Ross/Resources/Info.plist;
				INFOPLIST_KEY_CFBundleDisplayName = Ross;
				INFOPLIST_KEY_UIApplicationSupportsIndirectInputEvents = YES;
				INFOPLIST_KEY_UILaunchScreen_Generation = YES;
				IPHONEOS_DEPLOYMENT_TARGET = 17.0;
				LD_RUNPATH_SEARCH_PATHS = "$(inherited) @executable_path/Frameworks";
				MARKETING_VERSION = 1.0;
				PRODUCT_BUNDLE_IDENTIFIER = com.ross.ios;
				PRODUCT_NAME = "$(TARGET_NAME)";
				SDKROOT = iphoneos;
				SUPPORTED_PLATFORMS = "iphoneos iphonesimulator";
				SWIFT_VERSION = 6.0;
				TARGETED_DEVICE_FAMILY = "1,2";
				VALIDATE_PRODUCT = YES;
			};
			name = Release;
		};
/* End XCBuildConfiguration section */

/* Begin XCConfigurationList section */
		70696EE77B0E1C0B43EC6FF5 /* Build configuration list for PBXProject "Ross" */ = {
			isa = XCConfigurationList;
			buildConfigurations = (
				CF8A5D3A1D89C6789155E65A /* Debug */,
				54A0016CF5C3F2E1C13DC30E /* Release */,
			);
			defaultConfigurationIsVisible = 0;
			defaultConfigurationName = Release;
		};
		93CD72BC7A66E49E2F6299D6 /* Build configuration list for PBXNativeTarget "Ross" */ = {
			isa = XCConfigurationList;
			buildConfigurations = (
				E53C168AE93876E5F0002D79 /* Release */,
				0780D82A3C782BFC361B409E /* Debug */,
			);
			defaultConfigurationIsVisible = 0;
			defaultConfigurationName = Release;
		};
/* End XCConfigurationList section */

/* Begin XCRemoteSwiftPackageReference section */
		AABBCCDD0011223344556679 /* XCRemoteSwiftPackageReference "llama.swift" */ = {
			isa = XCRemoteSwiftPackageReference;
			repositoryURL = "https://github.com/mattt/llama.swift";
			requirement = {
				kind = upToNextMajorVersion;
				minimumVersion = 2.9655.0;
			};
		};
		BB11CC22DD33000000000021 /* XCRemoteSwiftPackageReference "mlx-swift-lm" */ = {
			isa = XCRemoteSwiftPackageReference;
			repositoryURL = "https://github.com/ml-explore/mlx-swift-lm";
			requirement = {
				kind = upToNextMajorVersion;
				minimumVersion = 3.31.3;
			};
		};
		BB11CC22DD33000000000022 /* XCRemoteSwiftPackageReference "swift-huggingface" */ = {
			isa = XCRemoteSwiftPackageReference;
			repositoryURL = "https://github.com/huggingface/swift-huggingface";
			requirement = {
				kind = upToNextMajorVersion;
				minimumVersion = 0.9.0;
			};
		};
		BB11CC22DD33000000000023 /* XCRemoteSwiftPackageReference "swift-transformers" */ = {
			isa = XCRemoteSwiftPackageReference;
			repositoryURL = "https://github.com/huggingface/swift-transformers";
			requirement = {
				kind = upToNextMajorVersion;
				minimumVersion = 1.3.0;
			};
		};
		CC44DD55EE66000000000021 /* XCRemoteSwiftPackageReference "ZIPFoundation" */ = {
			isa = XCRemoteSwiftPackageReference;
			repositoryURL = "https://github.com/weichsel/ZIPFoundation.git";
			requirement = {
				kind = upToNextMajorVersion;
				minimumVersion = 0.9.20;
			};
		};
/* End XCRemoteSwiftPackageReference section */

/* Begin XCSwiftPackageProductDependency section */
		AABBCCDD0011223344556678 /* LlamaSwift */ = {
			isa = XCSwiftPackageProductDependency;
			package = AABBCCDD0011223344556679 /* XCRemoteSwiftPackageReference "llama.swift" */;
			productName = LlamaSwift;
		};
		BB11CC22DD33000000000012 /* MLXLLM */ = {
			isa = XCSwiftPackageProductDependency;
			package = BB11CC22DD33000000000021 /* XCRemoteSwiftPackageReference "mlx-swift-lm" */;
			productName = MLXLLM;
		};
		BB11CC22DD33000000000013 /* MLXLMCommon */ = {
			isa = XCSwiftPackageProductDependency;
			package = BB11CC22DD33000000000021 /* XCRemoteSwiftPackageReference "mlx-swift-lm" */;
			productName = MLXLMCommon;
		};
		BB11CC22DD33000000000015 /* HuggingFace */ = {
			isa = XCSwiftPackageProductDependency;
			package = BB11CC22DD33000000000022 /* XCRemoteSwiftPackageReference "swift-huggingface" */;
			productName = HuggingFace;
		};
		BB11CC22DD33000000000016 /* Tokenizers */ = {
			isa = XCSwiftPackageProductDependency;
			package = BB11CC22DD33000000000023 /* XCRemoteSwiftPackageReference "swift-transformers" */;
			productName = Tokenizers;
		};
		CC44DD55EE66000000000011 /* ZIPFoundation */ = {
			isa = XCSwiftPackageProductDependency;
			package = CC44DD55EE66000000000021 /* XCRemoteSwiftPackageReference "ZIPFoundation" */;
			productName = ZIPFoundation;
		};
/* End XCSwiftPackageProductDependency section */
		};
		rootObject = C44803352A3A9F4944B0D510 /* Project object */;
	}
