{
  "originHash" : "2e6f1b0e9206478dbf0dd12a35f74562cb1e0efa60df66f116594f050d84c0dd",
  "pins" : [
    {
      "identity" : "llama.swift",
      "kind" : "remoteSourceControl",
      "location" : "https://github.com/mattt/llama.swift",
      "state" : {
        "revision" : "d159d5ccf8fc8a3c55c05a72980f3c94ad91f734",
        "version" : "2.9637.0"
      }
    }
  ],
  "version" : 3
}
