{
  "originHash" : "51da8f146703377060f280de65f1658cafc14670af0bca298cf54f053ff0c15c",
  "pins" : [
    {
      "identity" : "swift-gemma-runtime",
      "kind" : "remoteSourceControl",
      "location" : "https://github.com/pgorzelany/swift-gemma-runtime",
      "state" : {
        "revision" : "5496bc7c9820f04bba7268dc8a271235deae436d",
        "version" : "1.2.0"
      }
    }
  ],
  "version" : 3
}
