{
  "originHash" : "97122f7774fce0d8ad0553bd0c4f08eda1cb4ecb2b264f993f6eb96f2856ba36",
  "pins" : [
    {
      "identity" : "llama.swift",
      "kind" : "remoteSourceControl",
      "location" : "https://github.com/mattt/llama.swift",
      "state" : {
        "revision" : "d159d5ccf8fc8a3c55c05a72980f3c94ad91f734",
        "version" : "2.9637.0"
      }
    }
  ],
  "version" : 3
}
